// !$*UTF8*$!
{
	archiveVersion = 1;
	classes = {
	};
	objectVersion = 46;
	objects = {

/* Begin PBXBuildFile section */
		59B38F031E7AB00300362B36 /* ReposListVC.m in Sources */ = {isa = PBXBuildFile; fileRef = 59B38F021E7AB00300362B36 /* ReposListVC.m */; };
		59B38F061E7AB02900362B36 /* RepoDetailsVC.m in Sources */ = {isa = PBXBuildFile; fileRef = 59B38F051E7AB02900362B36 /* RepoDetailsVC.m */; };
		59B38F0B1E7AB0C500362B36 /* User.m in Sources */ = {isa = PBXBuildFile; fileRef = 59B38F0A1E7AB0C500362B36 /* User.m */; };
		59B38F111E7AB61700362B36 /* Repository.m in Sources */ = {isa = PBXBuildFile; fileRef = 59B38F101E7AB61700362B36 /* Repository.m */; };
		59B38F141E7AB63F00362B36 /* Commit.m in Sources */ = {isa = PBXBuildFile; fileRef = 59B38F131E7AB63F00362B36 /* Commit.m */; };
		59B38F171E7ACBFB00362B36 /* DataManager.m in Sources */ = {isa = PBXBuildFile; fileRef = 59B38F161E7ACBFB00362B36 /* DataManager.m */; };
		59CCE0201E7AE7D6007DA2CE /* RepoTableViewCell.m in Sources */ = {isa = PBXBuildFile; fileRef = 59CCE01E1E7AE7D6007DA2CE /* RepoTableViewCell.m */; };
		59CCE0211E7AE7D6007DA2CE /* RepoTableViewCell.xib in Resources */ = {isa = PBXBuildFile; fileRef = 59CCE01F1E7AE7D6007DA2CE /* RepoTableViewCell.xib */; };
		59CCE0251E7AEB8E007DA2CE /* CommitTableViewCell.m in Sources */ = {isa = PBXBuildFile; fileRef = 59CCE0231E7AEB8E007DA2CE /* CommitTableViewCell.m */; };
		59CCE0261E7AEB8E007DA2CE /* CommitTableViewCell.xib in Resources */ = {isa = PBXBuildFile; fileRef = 59CCE0241E7AEB8E007DA2CE /* CommitTableViewCell.xib */; };
		59CCE0291E7AEEBC007DA2CE /* NetworkingServices.m in Sources */ = {isa = PBXBuildFile; fileRef = 59CCE0281E7AEEBC007DA2CE /* NetworkingServices.m */; };
		59CCE02D1E7B31CB007DA2CE /* KeychainWrapper.m in Sources */ = {isa = PBXBuildFile; fileRef = 59CCE02C1E7B31CB007DA2CE /* KeychainWrapper.m */; };
		59E049861E78B4DC001E8CB1 /* main.m in Sources */ = {isa = PBXBuildFile; fileRef = 59E049851E78B4DC001E8CB1 /* main.m */; };
		59E049891E78B4DC001E8CB1 /* AppDelegate.m in Sources */ = {isa = PBXBuildFile; fileRef = 59E049881E78B4DC001E8CB1 /* AppDelegate.m */; };
		59E0498F1E78B4DC001E8CB1 /* Main.storyboard in Resources */ = {isa = PBXBuildFile; fileRef = 59E0498D1E78B4DC001E8CB1 /* Main.storyboard */; };
		59E049911E78B4DC001E8CB1 /* Assets.xcassets in Resources */ = {isa = PBXBuildFile; fileRef = 59E049901E78B4DC001E8CB1 /* Assets.xcassets */; };
		59E049941E78B4DC001E8CB1 /* LaunchScreen.storyboard in Resources */ = {isa = PBXBuildFile; fileRef = 59E049921E78B4DC001E8CB1 /* LaunchScreen.storyboard */; };
		59E0499D1E78B9C2001E8CB1 /* GitHubHTTPClient.m in Sources */ = {isa = PBXBuildFile; fileRef = 59E0499C1E78B9C2001E8CB1 /* GitHubHTTPClient.m */; };
		59E049A91E7A60E9001E8CB1 /* SignInVC.m in Sources */ = {isa = PBXBuildFile; fileRef = 59E049A81E7A60E9001E8CB1 /* SignInVC.m */; };
		643C4AA93B4C6226B71ADF8E /* libPods-gitHubClient.a in Frameworks */ = {isa = PBXBuildFile; fileRef = 99298F235FBCDD291536D96F /* libPods-gitHubClient.a */; };
/* End PBXBuildFile section */

/* Begin PBXFileReference section */
		34159365485EB446643290E1 /* Pods-gitHubClient.debug.xcconfig */ = {isa = PBXFileReference; includeInIndex = 1; lastKnownFileType = text.xcconfig; name = "Pods-gitHubClient.debug.xcconfig"; path = "Pods/Target Support Files/Pods-gitHubClient/Pods-gitHubClient.debug.xcconfig"; sourceTree = "<group>"; };
		59B38F011E7AB00300362B36 /* ReposListVC.h */ = {isa = PBXFileReference; fileEncoding = 4; lastKnownFileType = sourcecode.c.h; name = ReposListVC.h; path = Controllers/ReposListVC.h; sourceTree = "<group>"; };
		59B38F021E7AB00300362B36 /* ReposListVC.m */ = {isa = PBXFileReference; fileEncoding = 4; lastKnownFileType = sourcecode.c.objc; name = ReposListVC.m; path = Controllers/ReposListVC.m; sourceTree = "<group>"; };
		59B38F041E7AB02900362B36 /* RepoDetailsVC.h */ = {isa = PBXFileReference; fileEncoding = 4; lastKnownFileType = sourcecode.c.h; name = RepoDetailsVC.h; path = "Repo Details/RepoDetailsVC.h"; sourceTree = "<group>"; };
		59B38F051E7AB02900362B36 /* RepoDetailsVC.m */ = {isa = PBXFileReference; fileEncoding = 4; lastKnownFileType = sourcecode.c.objc; name = RepoDetailsVC.m; path = "Repo Details/RepoDetailsVC.m"; sourceTree = "<group>"; };
		59B38F091E7AB0C500362B36 /* User.h */ = {isa = PBXFileReference; fileEncoding = 4; lastKnownFileType = sourcecode.c.h; name = User.h; path = Models/UserModel/User.h; sourceTree = "<group>"; };
		59B38F0A1E7AB0C500362B36 /* User.m */ = {isa = PBXFileReference; fileEncoding = 4; lastKnownFileType = sourcecode.c.objc; name = User.m; path = Models/UserModel/User.m; sourceTree = "<group>"; };
		59B38F0F1E7AB61700362B36 /* Repository.h */ = {isa = PBXFileReference; fileEncoding = 4; lastKnownFileType = sourcecode.c.h; name = Repository.h; path = RepoModel/Repository.h; sourceTree = "<group>"; };
		59B38F101E7AB61700362B36 /* Repository.m */ = {isa = PBXFileReference; fileEncoding = 4; lastKnownFileType = sourcecode.c.objc; name = Repository.m; path = RepoModel/Repository.m; sourceTree = "<group>"; };
		59B38F121E7AB63F00362B36 /* Commit.h */ = {isa = PBXFileReference; fileEncoding = 4; lastKnownFileType = sourcecode.c.h; name = Commit.h; path = CommitModel/Commit.h; sourceTree = "<group>"; };
		59B38F131E7AB63F00362B36 /* Commit.m */ = {isa = PBXFileReference; fileEncoding = 4; lastKnownFileType = sourcecode.c.objc; name = Commit.m; path = CommitModel/Commit.m; sourceTree = "<group>"; };
		59B38F151E7ACBFB00362B36 /* DataManager.h */ = {isa = PBXFileReference; fileEncoding = 4; lastKnownFileType = sourcecode.c.h; path = DataManager.h; sourceTree = "<group>"; };
		59B38F161E7ACBFB00362B36 /* DataManager.m */ = {isa = PBXFileReference; fileEncoding = 4; lastKnownFileType = sourcecode.c.objc; path = DataManager.m; sourceTree = "<group>"; };
		59CCE01D1E7AE7D6007DA2CE /* RepoTableViewCell.h */ = {isa = PBXFileReference; fileEncoding = 4; lastKnownFileType = sourcecode.c.h; name = RepoTableViewCell.h; path = Views/RepoTableViewCell.h; sourceTree = "<group>"; };
		59CCE01E1E7AE7D6007DA2CE /* RepoTableViewCell.m */ = {isa = PBXFileReference; fileEncoding = 4; lastKnownFileType = sourcecode.c.objc; name = RepoTableViewCell.m; path = Views/RepoTableViewCell.m; sourceTree = "<group>"; };
		59CCE01F1E7AE7D6007DA2CE /* RepoTableViewCell.xib */ = {isa = PBXFileReference; fileEncoding = 4; lastKnownFileType = file.xib; name = RepoTableViewCell.xib; path = Views/RepoTableViewCell.xib; sourceTree = "<group>"; };
		59CCE0221E7AEB8E007DA2CE /* CommitTableViewCell.h */ = {isa = PBXFileReference; fileEncoding = 4; lastKnownFileType = sourcecode.c.h; name = CommitTableViewCell.h; path = Views/CommitTableViewCell.h; sourceTree = "<group>"; };
		59CCE0231E7AEB8E007DA2CE /* CommitTableViewCell.m */ = {isa = PBXFileReference; fileEncoding = 4; lastKnownFileType = sourcecode.c.objc; name = CommitTableViewCell.m; path = Views/CommitTableViewCell.m; sourceTree = "<group>"; };
		59CCE0241E7AEB8E007DA2CE /* CommitTableViewCell.xib */ = {isa = PBXFileReference; fileEncoding = 4; lastKnownFileType = file.xib; name = CommitTableViewCell.xib; path = Views/CommitTableViewCell.xib; sourceTree = "<group>"; };
		59CCE0271E7AEEBC007DA2CE /* NetworkingServices.h */ = {isa = PBXFileReference; fileEncoding = 4; lastKnownFileType = sourcecode.c.h; name = NetworkingServices.h; path = "Network Services/NetworkingServices.h"; sourceTree = "<group>"; };
		59CCE0281E7AEEBC007DA2CE /* NetworkingServices.m */ = {isa = PBXFileReference; fileEncoding = 4; lastKnownFileType = sourcecode.c.objc; name = NetworkingServices.m; path = "Network Services/NetworkingServices.m"; sourceTree = "<group>"; };
		59CCE02B1E7B31CB007DA2CE /* KeychainWrapper.h */ = {isa = PBXFileReference; fileEncoding = 4; lastKnownFileType = sourcecode.c.h; path = KeychainWrapper.h; sourceTree = "<group>"; };
		59CCE02C1E7B31CB007DA2CE /* KeychainWrapper.m */ = {isa = PBXFileReference; fileEncoding = 4; lastKnownFileType = sourcecode.c.objc; path = KeychainWrapper.m; sourceTree = "<group>"; };
		59E049811E78B4DC001E8CB1 /* gitHubClient.app */ = {isa = PBXFileReference; explicitFileType = wrapper.application; includeInIndex = 0; path = gitHubClient.app; sourceTree = BUILT_PRODUCTS_DIR; };
		59E049851E78B4DC001E8CB1 /* main.m */ = {isa = PBXFileReference; lastKnownFileType = sourcecode.c.objc; path = main.m; sourceTree = "<group>"; };
		59E049871E78B4DC001E8CB1 /* AppDelegate.h */ = {isa = PBXFileReference; lastKnownFileType = sourcecode.c.h; path = AppDelegate.h; sourceTree = "<group>"; };
		59E049881E78B4DC001E8CB1 /* AppDelegate.m */ = {isa = PBXFileReference; lastKnownFileType = sourcecode.c.objc; path = AppDelegate.m; sourceTree = "<group>"; };
		59E0498E1E78B4DC001E8CB1 /* Base */ = {isa = PBXFileReference; lastKnownFileType = file.storyboard; name = Base; path = Base.lproj/Main.storyboard; sourceTree = "<group>"; };
		59E049901E78B4DC001E8CB1 /* Assets.xcassets */ = {isa = PBXFileReference; lastKnownFileType = folder.assetcatalog; path = Assets.xcassets; sourceTree = "<group>"; };
		59E049931E78B4DC001E8CB1 /* Base */ = {isa = PBXFileReference; lastKnownFileType = file.storyboard; name = Base; path = Base.lproj/LaunchScreen.storyboard; sourceTree = "<group>"; };
		59E049951E78B4DC001E8CB1 /* Info.plist */ = {isa = PBXFileReference; lastKnownFileType = text.plist.xml; path = Info.plist; sourceTree = "<group>"; };
		59E0499B1E78B9C2001E8CB1 /* GitHubHTTPClient.h */ = {isa = PBXFileReference; fileEncoding = 4; lastKnownFileType = sourcecode.c.h; path = GitHubHTTPClient.h; sourceTree = "<group>"; };
		59E0499C1E78B9C2001E8CB1 /* GitHubHTTPClient.m */ = {isa = PBXFileReference; fileEncoding = 4; lastKnownFileType = sourcecode.c.objc; path = GitHubHTTPClient.m; sourceTree = "<group>"; };
		59E049A71E7A60E9001E8CB1 /* SignInVC.h */ = {isa = PBXFileReference; fileEncoding = 4; lastKnownFileType = sourcecode.c.h; name = SignInVC.h; path = Controllers/SignInVC.h; sourceTree = "<group>"; };
		59E049A81E7A60E9001E8CB1 /* SignInVC.m */ = {isa = PBXFileReference; fileEncoding = 4; lastKnownFileType = sourcecode.c.objc; name = SignInVC.m; path = Controllers/SignInVC.m; sourceTree = "<group>"; };
		59E049AA1E7A91D5001E8CB1 /* Constants.h */ = {isa = PBXFileReference; lastKnownFileType = sourcecode.c.h; path = Constants.h; sourceTree = "<group>"; };
		99298F235FBCDD291536D96F /* libPods-gitHubClient.a */ = {isa = PBXFileReference; explicitFileType = archive.ar; includeInIndex = 0; path = "libPods-gitHubClient.a"; sourceTree = BUILT_PRODUCTS_DIR; };
		E8C2A19F81FCD3ED92DCE9BF /* Pods-gitHubClient.release.xcconfig */ = {isa = PBXFileReference; includeInIndex = 1; lastKnownFileType = text.xcconfig; name = "Pods-gitHubClient.release.xcconfig"; path = "Pods/Target Support Files/Pods-gitHubClient/Pods-gitHubClient.release.xcconfig"; sourceTree = "<group>"; };
/* End PBXFileReference section */

/* Begin PBXFrameworksBuildPhase section */
		59E0497E1E78B4DC001E8CB1 /* Frameworks */ = {
			isa = PBXFrameworksBuildPhase;
			buildActionMask = 2147483647;
			files = (
				643C4AA93B4C6226B71ADF8E /* libPods-gitHubClient.a in Frameworks */,
			);
			runOnlyForDeploymentPostprocessing = 0;
		};
/* End PBXFrameworksBuildPhase section */

/* Begin PBXGroup section */
		592328461E7BD4DB00558483 /* RepoTableViewCell */ = {
			isa = PBXGroup;
			children = (
				59CCE01D1E7AE7D6007DA2CE /* RepoTableViewCell.h */,
				59CCE01E1E7AE7D6007DA2CE /* RepoTableViewCell.m */,
				59CCE01F1E7AE7D6007DA2CE /* RepoTableViewCell.xib */,
			);
			name = RepoTableViewCell;
			sourceTree = "<group>";
		};
		592328471E7BD4F000558483 /* CommitTableViewCell */ = {
			isa = PBXGroup;
			children = (
				59CCE0221E7AEB8E007DA2CE /* CommitTableViewCell.h */,
				59CCE0231E7AEB8E007DA2CE /* CommitTableViewCell.m */,
				59CCE0241E7AEB8E007DA2CE /* CommitTableViewCell.xib */,
			);
			name = CommitTableViewCell;
			sourceTree = "<group>";
		};
		59B38F071E7AB02E00362B36 /* Repo Details */ = {
			isa = PBXGroup;
			children = (
				59B38F041E7AB02900362B36 /* RepoDetailsVC.h */,
				59B38F051E7AB02900362B36 /* RepoDetailsVC.m */,
			);
			name = "Repo Details";
			sourceTree = "<group>";
		};
		59B38F081E7AB06D00362B36 /* Models */ = {
			isa = PBXGroup;
			children = (
				59B38F151E7ACBFB00362B36 /* DataManager.h */,
				59B38F161E7ACBFB00362B36 /* DataManager.m */,
				59B38F0E1E7AB5C900362B36 /* CommitModel */,
				59B38F0D1E7AB5B500362B36 /* RepoModel */,
				59B38F0C1E7AB0C900362B36 /* UserModel */,
			);
			name = Models;
			sourceTree = "<group>";
		};
		59B38F0C1E7AB0C900362B36 /* UserModel */ = {
			isa = PBXGroup;
			children = (
				59B38F091E7AB0C500362B36 /* User.h */,
				59B38F0A1E7AB0C500362B36 /* User.m */,
			);
			name = UserModel;
			sourceTree = "<group>";
		};
		59B38F0D1E7AB5B500362B36 /* RepoModel */ = {
			isa = PBXGroup;
			children = (
				59B38F0F1E7AB61700362B36 /* Repository.h */,
				59B38F101E7AB61700362B36 /* Repository.m */,
			);
			name = RepoModel;
			sourceTree = "<group>";
		};
		59B38F0E1E7AB5C900362B36 /* CommitModel */ = {
			isa = PBXGroup;
			children = (
				59B38F121E7AB63F00362B36 /* Commit.h */,
				59B38F131E7AB63F00362B36 /* Commit.m */,
			);
			name = CommitModel;
			sourceTree = "<group>";
		};
		59CCE01C1E7AE787007DA2CE /* Views */ = {
			isa = PBXGroup;
			children = (
				592328471E7BD4F000558483 /* CommitTableViewCell */,
				592328461E7BD4DB00558483 /* RepoTableViewCell */,
			);
			name = Views;
			sourceTree = "<group>";
		};
		59CCE02A1E7B318F007DA2CE /* KeychainWrapper */ = {
			isa = PBXGroup;
			children = (
				59CCE02B1E7B31CB007DA2CE /* KeychainWrapper.h */,
				59CCE02C1E7B31CB007DA2CE /* KeychainWrapper.m */,
			);
			name = KeychainWrapper;
			sourceTree = "<group>";
		};
		59CCE02E1E7B3351007DA2CE /* SignIn */ = {
			isa = PBXGroup;
			children = (
				59E049A71E7A60E9001E8CB1 /* SignInVC.h */,
				59E049A81E7A60E9001E8CB1 /* SignInVC.m */,
			);
			name = SignIn;
			sourceTree = "<group>";
		};
		59CCE02F1E7B335E007DA2CE /* ReposList */ = {
			isa = PBXGroup;
			children = (
				59B38F011E7AB00300362B36 /* ReposListVC.h */,
				59B38F021E7AB00300362B36 /* ReposListVC.m */,
			);
			name = ReposList;
			sourceTree = "<group>";
		};
		59E049781E78B4DC001E8CB1 = {
			isa = PBXGroup;
			children = (
				59E049831E78B4DC001E8CB1 /* gitHubClient */,
				59E049821E78B4DC001E8CB1 /* Products */,
				B4D7F178A86514A8BCC18E66 /* Pods */,
				E05DBCBFC18BF058B4F8C184 /* Frameworks */,
			);
			sourceTree = "<group>";
		};
		59E049821E78B4DC001E8CB1 /* Products */ = {
			isa = PBXGroup;
			children = (
				59E049811E78B4DC001E8CB1 /* gitHubClient.app */,
			);
			name = Products;
			sourceTree = "<group>";
		};
		59E049831E78B4DC001E8CB1 /* gitHubClient */ = {
			isa = PBXGroup;
			children = (
				59CCE02A1E7B318F007DA2CE /* KeychainWrapper */,
				59CCE01C1E7AE787007DA2CE /* Views */,
				59B38F081E7AB06D00362B36 /* Models */,
				59E049A61E7A60B8001E8CB1 /* Controllers */,
				59E0499E1E799BB7001E8CB1 /* Network Services */,
				59E049871E78B4DC001E8CB1 /* AppDelegate.h */,
				59E049881E78B4DC001E8CB1 /* AppDelegate.m */,
				59E0498D1E78B4DC001E8CB1 /* Main.storyboard */,
				59E049901E78B4DC001E8CB1 /* Assets.xcassets */,
				59E049921E78B4DC001E8CB1 /* LaunchScreen.storyboard */,
				59E049951E78B4DC001E8CB1 /* Info.plist */,
				59E049841E78B4DC001E8CB1 /* Supporting Files */,
				59E049AA1E7A91D5001E8CB1 /* Constants.h */,
			);
			path = gitHubClient;
			sourceTree = "<group>";
		};
		59E049841E78B4DC001E8CB1 /* Supporting Files */ = {
			isa = PBXGroup;
			children = (
				59E049851E78B4DC001E8CB1 /* main.m */,
			);
			name = "Supporting Files";
			sourceTree = "<group>";
		};
		59E0499E1E799BB7001E8CB1 /* Network Services */ = {
			isa = PBXGroup;
			children = (
				59E0499B1E78B9C2001E8CB1 /* GitHubHTTPClient.h */,
				59E0499C1E78B9C2001E8CB1 /* GitHubHTTPClient.m */,
				59E0499F1E799BD5001E8CB1 /* Services */,
			);
			name = "Network Services";
			sourceTree = "<group>";
		};
		59E0499F1E799BD5001E8CB1 /* Services */ = {
			isa = PBXGroup;
			children = (
				59CCE0271E7AEEBC007DA2CE /* NetworkingServices.h */,
				59CCE0281E7AEEBC007DA2CE /* NetworkingServices.m */,
			);
			name = Services;
			sourceTree = "<group>";
		};
		59E049A61E7A60B8001E8CB1 /* Controllers */ = {
			isa = PBXGroup;
			children = (
				59CCE02F1E7B335E007DA2CE /* ReposList */,
				59CCE02E1E7B3351007DA2CE /* SignIn */,
				59B38F071E7AB02E00362B36 /* Repo Details */,
			);
			name = Controllers;
			sourceTree = "<group>";
		};
		B4D7F178A86514A8BCC18E66 /* Pods */ = {
			isa = PBXGroup;
			children = (
				34159365485EB446643290E1 /* Pods-gitHubClient.debug.xcconfig */,
				E8C2A19F81FCD3ED92DCE9BF /* Pods-gitHubClient.release.xcconfig */,
			);
			name = Pods;
			sourceTree = "<group>";
		};
		E05DBCBFC18BF058B4F8C184 /* Frameworks */ = {
			isa = PBXGroup;
			children = (
				99298F235FBCDD291536D96F /* libPods-gitHubClient.a */,
			);
			name = Frameworks;
			sourceTree = "<group>";
		};
/* End PBXGroup section */

/* Begin PBXNativeTarget section */
		59E049801E78B4DC001E8CB1 /* gitHubClient */ = {
			isa = PBXNativeTarget;
			buildConfigurationList = 59E049981E78B4DC001E8CB1 /* Build configuration list for PBXNativeTarget "gitHubClient" */;
			buildPhases = (
				8FC22991AFDA760BFC8F33D7 /* 📦 Check Pods Manifest.lock */,
				59E0497D1E78B4DC001E8CB1 /* Sources */,
				59E0497E1E78B4DC001E8CB1 /* Frameworks */,
				59E0497F1E78B4DC001E8CB1 /* Resources */,
				BB764E5E6F33B9970DB1E442 /* 📦 Embed Pods Frameworks */,
				0049DD5D36513F0F5D98B759 /* 📦 Copy Pods Resources */,
			);
			buildRules = (
			);
			dependencies = (
			);
			name = gitHubClient;
			productName = gitHubClient;
			productReference = 59E049811E78B4DC001E8CB1 /* gitHubClient.app */;
			productType = "com.apple.product-type.application";
		};
/* End PBXNativeTarget section */

/* Begin PBXProject section */
		59E049791E78B4DC001E8CB1 /* Project object */ = {
			isa = PBXProject;
			attributes = {
				LastUpgradeCheck = 0820;
				ORGANIZATIONNAME = "Olena Synenka";
				TargetAttributes = {
					59E049801E78B4DC001E8CB1 = {
						CreatedOnToolsVersion = 8.2.1;
						DevelopmentTeam = QE5W5FBF3K;
						ProvisioningStyle = Automatic;
					};
				};
			};
			buildConfigurationList = 59E0497C1E78B4DC001E8CB1 /* Build configuration list for PBXProject "gitHubClient" */;
			compatibilityVersion = "Xcode 3.2";
			developmentRegion = English;
			hasScannedForEncodings = 0;
			knownRegions = (
				en,
				Base,
			);
			mainGroup = 59E049781E78B4DC001E8CB1;
			productRefGroup = 59E049821E78B4DC001E8CB1 /* Products */;
			projectDirPath = "";
			projectRoot = "";
			targets = (
				59E049801E78B4DC001E8CB1 /* gitHubClient */,
			);
		};
/* End PBXProject section */

/* Begin PBXResourcesBuildPhase section */
		59E0497F1E78B4DC001E8CB1 /* Resources */ = {
			isa = PBXResourcesBuildPhase;
			buildActionMask = 2147483647;
			files = (
				59E049941E78B4DC001E8CB1 /* LaunchScreen.storyboard in Resources */,
				59E049911E78B4DC001E8CB1 /* Assets.xcassets in Resources */,
				59E0498F1E78B4DC001E8CB1 /* Main.storyboard in Resources */,
				59CCE0211E7AE7D6007DA2CE /* RepoTableViewCell.xib in Resources */,
				59CCE0261E7AEB8E007DA2CE /* CommitTableViewCell.xib in Resources */,
			);
			runOnlyForDeploymentPostprocessing = 0;
		};
/* End PBXResourcesBuildPhase section */

/* Begin PBXShellScriptBuildPhase section */
		0049DD5D36513F0F5D98B759 /* 📦 Copy Pods Resources */ = {
			isa = PBXShellScriptBuildPhase;
			buildActionMask = 2147483647;
			files = (
			);
			inputPaths = (
			);
			name = "📦 Copy Pods Resources";
			outputPaths = (
			);
			runOnlyForDeploymentPostprocessing = 0;
			shellPath = /bin/sh;
			shellScript = "\"${SRCROOT}/Pods/Target Support Files/Pods-gitHubClient/Pods-gitHubClient-resources.sh\"\n";
			showEnvVarsInLog = 0;
		};
		8FC22991AFDA760BFC8F33D7 /* 📦 Check Pods Manifest.lock */ = {
			isa = PBXShellScriptBuildPhase;
			buildActionMask = 2147483647;
			files = (
			);
			inputPaths = (
			);
			name = "📦 Check Pods Manifest.lock";
			outputPaths = (
			);
			runOnlyForDeploymentPostprocessing = 0;
			shellPath = /bin/sh;
			shellScript = "diff \"${PODS_ROOT}/../Podfile.lock\" \"${PODS_ROOT}/Manifest.lock\" > /dev/null\nif [[ $? != 0 ]] ; then\n    cat << EOM\nerror: The sandbox is not in sync with the Podfile.lock. Run 'pod install' or update your CocoaPods installation.\nEOM\n    exit 1\nfi\n";
			showEnvVarsInLog = 0;
		};
		BB764E5E6F33B9970DB1E442 /* 📦 Embed Pods Frameworks */ = {
			isa = PBXShellScriptBuildPhase;
			buildActionMask = 2147483647;
			files = (
			);
			inputPaths = (
			);
			name = "📦 Embed Pods Frameworks";
			outputPaths = (
			);
			runOnlyForDeploymentPostprocessing = 0;
			shellPath = /bin/sh;
			shellScript = "\"${SRCROOT}/Pods/Target Support Files/Pods-gitHubClient/Pods-gitHubClient-frameworks.sh\"\n";
			showEnvVarsInLog = 0;
		};
/* End PBXShellScriptBuildPhase section */

/* Begin PBXSourcesBuildPhase section */
		59E0497D1E78B4DC001E8CB1 /* Sources */ = {
			isa = PBXSourcesBuildPhase;
			buildActionMask = 2147483647;
			files = (
				59B38F0B1E7AB0C500362B36 /* User.m in Sources */,
				59E0499D1E78B9C2001E8CB1 /* GitHubHTTPClient.m in Sources */,
				59E049891E78B4DC001E8CB1 /* AppDelegate.m in Sources */,
				59CCE0291E7AEEBC007DA2CE /* NetworkingServices.m in Sources */,
				59B38F031E7AB00300362B36 /* ReposListVC.m in Sources */,
				59B38F141E7AB63F00362B36 /* Commit.m in Sources */,
				59E049A91E7A60E9001E8CB1 /* SignInVC.m in Sources */,
				59B38F061E7AB02900362B36 /* RepoDetailsVC.m in Sources */,
				59CCE0251E7AEB8E007DA2CE /* CommitTableViewCell.m in Sources */,
				59CCE0201E7AE7D6007DA2CE /* RepoTableViewCell.m in Sources */,
				59E049861E78B4DC001E8CB1 /* main.m in Sources */,
				59CCE02D1E7B31CB007DA2CE /* KeychainWrapper.m in Sources */,
				59B38F111E7AB61700362B36 /* Repository.m in Sources */,
				59B38F171E7ACBFB00362B36 /* DataManager.m in Sources */,
			);
			runOnlyForDeploymentPostprocessing = 0;
		};
/* End PBXSourcesBuildPhase section */

/* Begin PBXVariantGroup section */
		59E0498D1E78B4DC001E8CB1 /* Main.storyboard */ = {
			isa = PBXVariantGroup;
			children = (
				59E0498E1E78B4DC001E8CB1 /* Base */,
			);
			name = Main.storyboard;
			sourceTree = "<group>";
		};
		59E049921E78B4DC001E8CB1 /* LaunchScreen.storyboard */ = {
			isa = PBXVariantGroup;
			children = (
				59E049931E78B4DC001E8CB1 /* Base */,
			);
			name = LaunchScreen.storyboard;
			sourceTree = "<group>";
		};
/* End PBXVariantGroup section */

/* Begin XCBuildConfiguration section */
		59E049961E78B4DC001E8CB1 /* Debug */ = {
			isa = XCBuildConfiguration;
			buildSettings = {
				ALWAYS_SEARCH_USER_PATHS = NO;
				CLANG_ANALYZER_NONNULL = YES;
				CLANG_CXX_LANGUAGE_STANDARD = "gnu++0x";
				CLANG_CXX_LIBRARY = "libc++";
				CLANG_ENABLE_MODULES = YES;
				CLANG_ENABLE_OBJC_ARC = YES;
				CLANG_WARN_BOOL_CONVERSION = YES;
				CLANG_WARN_CONSTANT_CONVERSION = YES;
				CLANG_WARN_DIRECT_OBJC_ISA_USAGE = YES_ERROR;
				CLANG_WARN_DOCUMENTATION_COMMENTS = YES;
				CLANG_WARN_EMPTY_BODY = YES;
				CLANG_WARN_ENUM_CONVERSION = YES;
				CLANG_WARN_INFINITE_RECURSION = YES;
				CLANG_WARN_INT_CONVERSION = YES;
				CLANG_WARN_OBJC_ROOT_CLASS = YES_ERROR;
				CLANG_WARN_SUSPICIOUS_MOVE = YES;
				CLANG_WARN_UNREACHABLE_CODE = YES;
				CLANG_WARN__DUPLICATE_METHOD_MATCH = YES;
				"CODE_SIGN_IDENTITY[sdk=iphoneos*]" = "iPhone Developer";
				COPY_PHASE_STRIP = NO;
				DEBUG_INFORMATION_FORMAT = dwarf;
				ENABLE_STRICT_OBJC_MSGSEND = YES;
				ENABLE_TESTABILITY = YES;
				GCC_C_LANGUAGE_STANDARD = gnu99;
				GCC_DYNAMIC_NO_PIC = NO;
				GCC_NO_COMMON_BLOCKS = YES;
				GCC_OPTIMIZATION_LEVEL = 0;
				GCC_PREPROCESSOR_DEFINITIONS = (
					"DEBUG=1",
					"$(inherited)",
				);
				GCC_WARN_64_TO_32_BIT_CONVERSION = YES;
				GCC_WARN_ABOUT_RETURN_TYPE = YES_ERROR;
				GCC_WARN_UNDECLARED_SELECTOR = YES;
				GCC_WARN_UNINITIALIZED_AUTOS = YES_AGGRESSIVE;
				GCC_WARN_UNUSED_FUNCTION = YES;
				GCC_WARN_UNUSED_VARIABLE = YES;
				IPHONEOS_DEPLOYMENT_TARGET = 10.0;
				MTL_ENABLE_DEBUG_INFO = YES;
				ONLY_ACTIVE_ARCH = YES;
				SDKROOT = iphoneos;
			};
			name = Debug;
		};
		59E049971E78B4DC001E8CB1 /* Release */ = {
			isa = XCBuildConfiguration;
			buildSettings = {
				ALWAYS_SEARCH_USER_PATHS = NO;
				CLANG_ANALYZER_NONNULL = YES;
				CLANG_CXX_LANGUAGE_STANDARD = "gnu++0x";
				CLANG_CXX_LIBRARY = "libc++";
				CLANG_ENABLE_MODULES = YES;
				CLANG_ENABLE_OBJC_ARC = YES;
				CLANG_WARN_BOOL_CONVERSION = YES;
				CLANG_WARN_CONSTANT_CONVERSION = YES;
				CLANG_WARN_DIRECT_OBJC_ISA_USAGE = YES_ERROR;
				CLANG_WARN_DOCUMENTATION_COMMENTS = YES;
				CLANG_WARN_EMPTY_BODY = YES;
				CLANG_WARN_ENUM_CONVERSION = YES;
				CLANG_WARN_INFINITE_RECURSION = YES;
				CLANG_WARN_INT_CONVERSION = YES;
				CLANG_WARN_OBJC_ROOT_CLASS = YES_ERROR;
				CLANG_WARN_SUSPICIOUS_MOVE = YES;
				CLANG_WARN_UNREACHABLE_CODE = YES;
				CLANG_WARN__DUPLICATE_METHOD_MATCH = YES;
				"CODE_SIGN_IDENTITY[sdk=iphoneos*]" = "iPhone Developer";
				COPY_PHASE_STRIP = NO;
				DEBUG_INFORMATION_FORMAT = "dwarf-with-dsym";
				ENABLE_NS_ASSERTIONS = NO;
				ENABLE_STRICT_OBJC_MSGSEND = YES;
				GCC_C_LANGUAGE_STANDARD = gnu99;
				GCC_NO_COMMON_BLOCKS = YES;
				GCC_WARN_64_TO_32_BIT_CONVERSION = YES;
				GCC_WARN_ABOUT_RETURN_TYPE = YES_ERROR;
				GCC_WARN_UNDECLARED_SELECTOR = YES;
				GCC_WARN_UNINITIALIZED_AUTOS = YES_AGGRESSIVE;
				GCC_WARN_UNUSED_FUNCTION = YES;
				GCC_WARN_UNUSED_VARIABLE = YES;
				IPHONEOS_DEPLOYMENT_TARGET = 10.0;
				MTL_ENABLE_DEBUG_INFO = NO;
				SDKROOT = iphoneos;
				VALIDATE_PRODUCT = YES;
			};
			name = Release;
		};
		59E049991E78B4DC001E8CB1 /* Debug */ = {
			isa = XCBuildConfiguration;
			baseConfigurationReference = 34159365485EB446643290E1 /* Pods-gitHubClient.debug.xcconfig */;
			buildSettings = {
				ASSETCATALOG_COMPILER_APPICON_NAME = AppIcon;
				"CODE_SIGN_IDENTITY[sdk=iphoneos*]" = "iPhone Developer";
				DEVELOPMENT_TEAM = QE5W5FBF3K;
				INFOPLIST_FILE = gitHubClient/Info.plist;
				LD_RUNPATH_SEARCH_PATHS = "$(inherited) @executable_path/Frameworks";
				PRODUCT_BUNDLE_IDENTIFIER = OS.gitHubClient;
				PRODUCT_NAME = "$(TARGET_NAME)";
			};
			name = Debug;
		};
		59E0499A1E78B4DC001E8CB1 /* Release */ = {
			isa = XCBuildConfiguration;
			baseConfigurationReference = E8C2A19F81FCD3ED92DCE9BF /* Pods-gitHubClient.release.xcconfig */;
			buildSettings = {
				ASSETCATALOG_COMPILER_APPICON_NAME = AppIcon;
				"CODE_SIGN_IDENTITY[sdk=iphoneos*]" = "iPhone Developer";
				DEVELOPMENT_TEAM = QE5W5FBF3K;
				INFOPLIST_FILE = gitHubClient/Info.plist;
				LD_RUNPATH_SEARCH_PATHS = "$(inherited) @executable_path/Frameworks";
				PRODUCT_BUNDLE_IDENTIFIER = OS.gitHubClient;
				PRODUCT_NAME = "$(TARGET_NAME)";
			};
			name = Release;
		};
/* End XCBuildConfiguration section */

/* Begin XCConfigurationList section */
		59E0497C1E78B4DC001E8CB1 /* Build configuration list for PBXProject "gitHubClient" */ = {
			isa = XCConfigurationList;
			buildConfigurations = (
				59E049961E78B4DC001E8CB1 /* Debug */,
				59E049971E78B4DC001E8CB1 /* Release */,
			);
			defaultConfigurationIsVisible = 0;
			defaultConfigurationName = Release;
		};
		59E049981E78B4DC001E8CB1 /* Build configuration list for PBXNativeTarget "gitHubClient" */ = {
			isa = XCConfigurationList;
			buildConfigurations = (
				59E049991E78B4DC001E8CB1 /* Debug */,
				59E0499A1E78B4DC001E8CB1 /* Release */,
			);
			defaultConfigurationIsVisible = 0;
			defaultConfigurationName = Release;
		};
/* End XCConfigurationList section */
	};
	rootObject = 59E049791E78B4DC001E8CB1 /* Project object */;
}
