// !$*UTF8*$!
{
	archiveVersion = 1;
	classes = {
	};
	objectVersion = 46;
	objects = {

/* Begin PBXBuildFile section */
		59E049861E78B4DC001E8CB1 /* main.m in Sources */ = {isa = PBXBuildFile; fileRef = 59E049851E78B4DC001E8CB1 /* main.m */; };
		59E049891E78B4DC001E8CB1 /* AppDelegate.m in Sources */ = {isa = PBXBuildFile; fileRef = 59E049881E78B4DC001E8CB1 /* AppDelegate.m */; };
		59E0498C1E78B4DC001E8CB1 /* ViewController.m in Sources */ = {isa = PBXBuildFile; fileRef = 59E0498B1E78B4DC001E8CB1 /* ViewController.m */; };
		59E0498F1E78B4DC001E8CB1 /* Main.storyboard in Resources */ = {isa = PBXBuildFile; fileRef = 59E0498D1E78B4DC001E8CB1 /* Main.storyboard */; };
		59E049911E78B4DC001E8CB1 /* Assets.xcassets in Resources */ = {isa = PBXBuildFile; fileRef = 59E049901E78B4DC001E8CB1 /* Assets.xcassets */; };
		59E049941E78B4DC001E8CB1 /* LaunchScreen.storyboard in Resources */ = {isa = PBXBuildFile; fileRef = 59E049921E78B4DC001E8CB1 /* LaunchScreen.storyboard */; };
/* End PBXBuildFile section */

/* Begin PBXFileReference section */
		59E049811E78B4DC001E8CB1 /* gitHubClient.app */ = {isa = PBXFileReference; explicitFileType = wrapper.application; includeInIndex = 0; path = gitHubClient.app; sourceTree = BUILT_PRODUCTS_DIR; };
		59E049851E78B4DC001E8CB1 /* main.m */ = {isa = PBXFileReference; lastKnownFileType = sourcecode.c.objc; path = main.m; sourceTree = "<group>"; };
		59E049871E78B4DC001E8CB1 /* AppDelegate.h */ = {isa = PBXFileReference; lastKnownFileType = sourcecode.c.h; path = AppDelegate.h; sourceTree = "<group>"; };
		59E049881E78B4DC001E8CB1 /* AppDelegate.m */ = {isa = PBXFileReference; lastKnownFileType = sourcecode.c.objc; path = AppDelegate.m; sourceTree = "<group>"; };
		59E0498A1E78B4DC001E8CB1 /* ViewController.h */ = {isa = PBXFileReference; lastKnownFileType = sourcecode.c.h; path = ViewController.h; sourceTree = "<group>"; };
		59E0498B1E78B4DC001E8CB1 /* ViewController.m */ = {isa = PBXFileReference; lastKnownFileType = sourcecode.c.objc; path = ViewController.m; sourceTree = "<group>"; };
		59E0498E1E78B4DC001E8CB1 /* Base */ = {isa = PBXFileReference; lastKnownFileType = file.storyboard; name = Base; path = Base.lproj/Main.storyboard; sourceTree = "<group>"; };
		59E049901E78B4DC001E8CB1 /* Assets.xcassets */ = {isa = PBXFileReference; lastKnownFileType = folder.assetcatalog; path = Assets.xcassets; sourceTree = "<group>"; };
		59E049931E78B4DC001E8CB1 /* Base */ = {isa = PBXFileReference; lastKnownFileType = file.storyboard; name = Base; path = Base.lproj/LaunchScreen.storyboard; sourceTree = "<group>"; };
		59E049951E78B4DC001E8CB1 /* Info.plist */ = {isa = PBXFileReference; lastKnownFileType = text.plist.xml; path = Info.plist; sourceTree = "<group>"; };
/* End PBXFileReference section */

/* Begin PBXFrameworksBuildPhase section */
		59E0497E1E78B4DC001E8CB1 /* Frameworks */ = {
			isa = PBXFrameworksBuildPhase;
			buildActionMask = 2147483647;
			files = (
			);
			runOnlyForDeploymentPostprocessing = 0;
		};
/* End PBXFrameworksBuildPhase section */

/* Begin PBXGroup section */
		59E049781E78B4DC001E8CB1 = {
			isa = PBXGroup;
			children = (
				59E049831E78B4DC001E8CB1 /* gitHubClient */,
				59E049821E78B4DC001E8CB1 /* Products */,
			);
			sourceTree = "<group>";
		};
		59E049821E78B4DC001E8CB1 /* Products */ = {
			isa = PBXGroup;
			children = (
				59E049811E78B4DC001E8CB1 /* gitHubClient.app */,
			);
			name = Products;
			sourceTree = "<group>";
		};
		59E049831E78B4DC001E8CB1 /* gitHubClient */ = {
			isa = PBXGroup;
			children = (
				59E049871E78B4DC001E8CB1 /* AppDelegate.h */,
				59E049881E78B4DC001E8CB1 /* AppDelegate.m */,
				59E0498A1E78B4DC001E8CB1 /* ViewController.h */,
				59E0498B1E78B4DC001E8CB1 /* ViewController.m */,
				59E0498D1E78B4DC001E8CB1 /* Main.storyboard */,
				59E049901E78B4DC001E8CB1 /* Assets.xcassets */,
				59E049921E78B4DC001E8CB1 /* LaunchScreen.storyboard */,
				59E049951E78B4DC001E8CB1 /* Info.plist */,
				59E049841E78B4DC001E8CB1 /* Supporting Files */,
			);
			path = gitHubClient;
			sourceTree = "<group>";
		};
		59E049841E78B4DC001E8CB1 /* Supporting Files */ = {
			isa = PBXGroup;
			children = (
				59E049851E78B4DC001E8CB1 /* main.m */,
			);
			name = "Supporting Files";
			sourceTree = "<group>";
		};
/* End PBXGroup section */

/* Begin PBXNativeTarget section */
		59E049801E78B4DC001E8CB1 /* gitHubClient */ = {
			isa = PBXNativeTarget;
			buildConfigurationList = 59E049981E78B4DC001E8CB1 /* Build configuration list for PBXNativeTarget "gitHubClient" */;
			buildPhases = (
				59E0497D1E78B4DC001E8CB1 /* Sources */,
				59E0497E1E78B4DC001E8CB1 /* Frameworks */,
				59E0497F1E78B4DC001E8CB1 /* Resources */,
			);
			buildRules = (
			);
			dependencies = (
			);
			name = gitHubClient;
			productName = gitHubClient;
			productReference = 59E049811E78B4DC001E8CB1 /* gitHubClient.app */;
			productType = "com.apple.product-type.application";
		};
/* End PBXNativeTarget section */

/* Begin PBXProject section */
		59E049791E78B4DC001E8CB1 /* Project object */ = {
			isa = PBXProject;
			attributes = {
				LastUpgradeCheck = 0820;
				ORGANIZATIONNAME = "Olena Synenka";
				TargetAttributes = {
					59E049801E78B4DC001E8CB1 = {
						CreatedOnToolsVersion = 8.2.1;
						DevelopmentTeam = 9QBK9S48W2;
						ProvisioningStyle = Automatic;
					};
				};
			};
			buildConfigurationList = 59E0497C1E78B4DC001E8CB1 /* Build configuration list for PBXProject "gitHubClient" */;
			compatibilityVersion = "Xcode 3.2";
			developmentRegion = English;
			hasScannedForEncodings = 0;
			knownRegions = (
				en,
				Base,
			);
			mainGroup = 59E049781E78B4DC001E8CB1;
			productRefGroup = 59E049821E78B4DC001E8CB1 /* Products */;
			projectDirPath = "";
			projectRoot = "";
			targets = (
				59E049801E78B4DC001E8CB1 /* gitHubClient */,
			);
		};
/* End PBXProject section */

/* Begin PBXResourcesBuildPhase section */
		59E0497F1E78B4DC001E8CB1 /* Resources */ = {
			isa = PBXResourcesBuildPhase;
			buildActionMask = 2147483647;
			files = (
				59E049941E78B4DC001E8CB1 /* LaunchScreen.storyboard in Resources */,
				59E049911E78B4DC001E8CB1 /* Assets.xcassets in Resources */,
				59E0498F1E78B4DC001E8CB1 /* Main.storyboard in Resources */,
			);
			runOnlyForDeploymentPostprocessing = 0;
		};
/* End PBXResourcesBuildPhase section */

/* Begin PBXSourcesBuildPhase section */
		59E0497D1E78B4DC001E8CB1 /* Sources */ = {
			isa = PBXSourcesBuildPhase;
			buildActionMask = 2147483647;
			files = (
				59E0498C1E78B4DC001E8CB1 /* ViewController.m in Sources */,
				59E049891E78B4DC001E8CB1 /* AppDelegate.m in Sources */,
				59E049861E78B4DC001E8CB1 /* main.m in Sources */,
			);
			runOnlyForDeploymentPostprocessing = 0;
		};
/* End PBXSourcesBuildPhase section */

/* Begin PBXVariantGroup section */
		59E0498D1E78B4DC001E8CB1 /* Main.storyboard */ = {
			isa = PBXVariantGroup;
			children = (
				59E0498E1E78B4DC001E8CB1 /* Base */,
			);
			name = Main.storyboard;
			sourceTree = "<group>";
		};
		59E049921E78B4DC001E8CB1 /* LaunchScreen.storyboard */ = {
			isa = PBXVariantGroup;
			children = (
				59E049931E78B4DC001E8CB1 /* Base */,
			);
			name = LaunchScreen.storyboard;
			sourceTree = "<group>";
		};
/* End PBXVariantGroup section */

/* Begin XCBuildConfiguration section */
		59E049961E78B4DC001E8CB1 /* Debug */ = {
			isa = XCBuildConfiguration;
			buildSettings = {
				ALWAYS_SEARCH_USER_PATHS = NO;
				CLANG_ANALYZER_NONNULL = YES;
				CLANG_CXX_LANGUAGE_STANDARD = "gnu++0x";
				CLANG_CXX_LIBRARY = "libc++";
				CLANG_ENABLE_MODULES = YES;
				CLANG_ENABLE_OBJC_ARC = YES;
				CLANG_WARN_BOOL_CONVERSION = YES;
				CLANG_WARN_CONSTANT_CONVERSION = YES;
				CLANG_WARN_DIRECT_OBJC_ISA_USAGE = YES_ERROR;
				CLANG_WARN_DOCUMENTATION_COMMENTS = YES;
				CLANG_WARN_EMPTY_BODY = YES;
				CLANG_WARN_ENUM_CONVERSION = YES;
				CLANG_WARN_INFINITE_RECURSION = YES;
				CLANG_WARN_INT_CONVERSION = YES;
				CLANG_WARN_OBJC_ROOT_CLASS = YES_ERROR;
				CLANG_WARN_SUSPICIOUS_MOVE = YES;
				CLANG_WARN_UNREACHABLE_CODE = YES;
				CLANG_WARN__DUPLICATE_METHOD_MATCH = YES;
				"CODE_SIGN_IDENTITY[sdk=iphoneos*]" = "iPhone Developer";
				COPY_PHASE_STRIP = NO;
				DEBUG_INFORMATION_FORMAT = dwarf;
				ENABLE_STRICT_OBJC_MSGSEND = YES;
				ENABLE_TESTABILITY = YES;
				GCC_C_LANGUAGE_STANDARD = gnu99;
				GCC_DYNAMIC_NO_PIC = NO;
				GCC_NO_COMMON_BLOCKS = YES;
				GCC_OPTIMIZATION_LEVEL = 0;
				GCC_PREPROCESSOR_DEFINITIONS = (
					"DEBUG=1",
					"$(inherited)",
				);
				GCC_WARN_64_TO_32_BIT_CONVERSION = YES;
				GCC_WARN_ABOUT_RETURN_TYPE = YES_ERROR;
				GCC_WARN_UNDECLARED_SELECTOR = YES;
				GCC_WARN_UNINITIALIZED_AUTOS = YES_AGGRESSIVE;
				GCC_WARN_UNUSED_FUNCTION = YES;
				GCC_WARN_UNUSED_VARIABLE = YES;
				IPHONEOS_DEPLOYMENT_TARGET = 10.2;
				MTL_ENABLE_DEBUG_INFO = YES;
				ONLY_ACTIVE_ARCH = YES;
				SDKROOT = iphoneos;
			};
			name = Debug;
		};
		59E049971E78B4DC001E8CB1 /* Release */ = {
			isa = XCBuildConfiguration;
			buildSettings = {
				ALWAYS_SEARCH_USER_PATHS = NO;
				CLANG_ANALYZER_NONNULL = YES;
				CLANG_CXX_LANGUAGE_STANDARD = "gnu++0x";
				CLANG_CXX_LIBRARY = "libc++";
				CLANG_ENABLE_MODULES = YES;
				CLANG_ENABLE_OBJC_ARC = YES;
				CLANG_WARN_BOOL_CONVERSION = YES;
				CLANG_WARN_CONSTANT_CONVERSION = YES;
				CLANG_WARN_DIRECT_OBJC_ISA_USAGE = YES_ERROR;
				CLANG_WARN_DOCUMENTATION_COMMENTS = YES;
				CLANG_WARN_EMPTY_BODY = YES;
				CLANG_WARN_ENUM_CONVERSION = YES;
				CLANG_WARN_INFINITE_RECURSION = YES;
				CLANG_WARN_INT_CONVERSION = YES;
				CLANG_WARN_OBJC_ROOT_CLASS = YES_ERROR;
				CLANG_WARN_SUSPICIOUS_MOVE = YES;
				CLANG_WARN_UNREACHABLE_CODE = YES;
				CLANG_WARN__DUPLICATE_METHOD_MATCH = YES;
				"CODE_SIGN_IDENTITY[sdk=iphoneos*]" = "iPhone Developer";
				COPY_PHASE_STRIP = NO;
				DEBUG_INFORMATION_FORMAT = "dwarf-with-dsym";
				ENABLE_NS_ASSERTIONS = NO;
				ENABLE_STRICT_OBJC_MSGSEND = YES;
				GCC_C_LANGUAGE_STANDARD = gnu99;
				GCC_NO_COMMON_BLOCKS = YES;
				GCC_WARN_64_TO_32_BIT_CONVERSION = YES;
				GCC_WARN_ABOUT_RETURN_TYPE = YES_ERROR;
				GCC_WARN_UNDECLARED_SELECTOR = YES;
				GCC_WARN_UNINITIALIZED_AUTOS = YES_AGGRESSIVE;
				GCC_WARN_UNUSED_FUNCTION = YES;
				GCC_WARN_UNUSED_VARIABLE = YES;
				IPHONEOS_DEPLOYMENT_TARGET = 10.2;
				MTL_ENABLE_DEBUG_INFO = NO;
				SDKROOT = iphoneos;
				VALIDATE_PRODUCT = YES;
			};
			name = Release;
		};
		59E049991E78B4DC001E8CB1 /* Debug */ = {
			isa = XCBuildConfiguration;
			buildSettings = {
				ASSETCATALOG_COMPILER_APPICON_NAME = AppIcon;
				DEVELOPMENT_TEAM = 9QBK9S48W2;
				INFOPLIST_FILE = gitHubClient/Info.plist;
				LD_RUNPATH_SEARCH_PATHS = "$(inherited) @executable_path/Frameworks";
				PRODUCT_BUNDLE_IDENTIFIER = OS.gitHubClient;
				PRODUCT_NAME = "$(TARGET_NAME)";
			};
			name = Debug;
		};
		59E0499A1E78B4DC001E8CB1 /* Release */ = {
			isa = XCBuildConfiguration;
			buildSettings = {
				ASSETCATALOG_COMPILER_APPICON_NAME = AppIcon;
				DEVELOPMENT_TEAM = 9QBK9S48W2;
				INFOPLIST_FILE = gitHubClient/Info.plist;
				LD_RUNPATH_SEARCH_PATHS = "$(inherited) @executable_path/Frameworks";
				PRODUCT_BUNDLE_IDENTIFIER = OS.gitHubClient;
				PRODUCT_NAME = "$(TARGET_NAME)";
			};
			name = Release;
		};
/* End XCBuildConfiguration section */

/* Begin XCConfigurationList section */
		59E0497C1E78B4DC001E8CB1 /* Build configuration list for PBXProject "gitHubClient" */ = {
			isa = XCConfigurationList;
			buildConfigurations = (
				59E049961E78B4DC001E8CB1 /* Debug */,
				59E049971E78B4DC001E8CB1 /* Release */,
			);
			defaultConfigurationIsVisible = 0;
			defaultConfigurationName = Release;
		};
		59E049981E78B4DC001E8CB1 /* Build configuration list for PBXNativeTarget "gitHubClient" */ = {
			isa = XCConfigurationList;
			buildConfigurations = (
				59E049991E78B4DC001E8CB1 /* Debug */,
				59E0499A1E78B4DC001E8CB1 /* Release */,
			);
			defaultConfigurationIsVisible = 0;
		};
/* End XCConfigurationList section */
	};
	rootObject = 59E049791E78B4DC001E8CB1 /* Project object */;
}
